
Microsoft Visual Studio Solution File, Format Version 12.00
# Visual Studio Version 16
VisualStudioVersion = 16.0.30204.135
MinimumVisualStudioVersion = 10.0.40219.1
Project("{FAE04EC0-301F-11D3-BF4B-00C04F79EFBC}") = "ServicioCuentasDeUsuario", "ServicioCuentasDeUsuario.csproj", "{FBE6B4D2-FE37-40BE-961E-61355C808484}"
EndProject
Global
	GlobalSection(SolutionConfigurationPlatforms) = preSolution
		Debug|Any CPU = Debug|Any CPU
		Release|Any CPU = Release|Any CPU
	EndGlobalSection
	GlobalSection(ProjectConfigurationPlatforms) = postSolution
		{FBE6B4D2-FE37-40BE-961E-61355C808484}.Debug|Any CPU.ActiveCfg = Debug|Any CPU
		{FBE6B4D2-FE37-40BE-961E-61355C808484}.Debug|Any CPU.Build.0 = Debug|Any CPU
		{FBE6B4D2-FE37-40BE-961E-61355C808484}.Release|Any CPU.ActiveCfg = Release|Any CPU
		{FBE6B4D2-FE37-40BE-961E-61355C808484}.Release|Any CPU.Build.0 = Release|Any CPU
	EndGlobalSection
	GlobalSection(SolutionProperties) = preSolution
		HideSolutionNode = FALSE
	EndGlobalSection
	GlobalSection(ExtensibilityGlobals) = postSolution
		SolutionGuid = {CB2F44A1-F510-4EB2-BEEB-667432820C89}
	EndGlobalSection
EndGlobal
