
Microsoft Visual Studio Solution File, Format Version 12.00
# Visual Studio Version 16
VisualStudioVersion = 16.0.30002.166
MinimumVisualStudioVersion = 10.0.40219.1
Project("{FAE04EC0-301F-11D3-BF4B-00C04F79EFBC}") = "Servicio_CuentaDeUsuario", "Servicio_CuentaDeUsuario.csproj", "{CF240B3A-7421-4EAD-9703-D72CA34A7C5F}"
EndProject
Global
	GlobalSection(SolutionConfigurationPlatforms) = preSolution
		Debug|Any CPU = Debug|Any CPU
		Release|Any CPU = Release|Any CPU
	EndGlobalSection
	GlobalSection(ProjectConfigurationPlatforms) = postSolution
		{CF240B3A-7421-4EAD-9703-D72CA34A7C5F}.Debug|Any CPU.ActiveCfg = Debug|Any CPU
		{CF240B3A-7421-4EAD-9703-D72CA34A7C5F}.Debug|Any CPU.Build.0 = Debug|Any CPU
		{CF240B3A-7421-4EAD-9703-D72CA34A7C5F}.Release|Any CPU.ActiveCfg = Release|Any CPU
		{CF240B3A-7421-4EAD-9703-D72CA34A7C5F}.Release|Any CPU.Build.0 = Release|Any CPU
	EndGlobalSection
	GlobalSection(SolutionProperties) = preSolution
		HideSolutionNode = FALSE
	EndGlobalSection
	GlobalSection(ExtensibilityGlobals) = postSolution
		SolutionGuid = {99358FF7-43C4-4D2C-B758-770738F6611D}
	EndGlobalSection
EndGlobal
